
Microsoft Visual Studio Solution File, Format Version 12.00
# Visual Studio Version 17
VisualStudioVersion = 17.5.33424.131
MinimumVisualStudioVersion = 10.0.40219.1
Project("{FAE04EC0-301F-11D3-BF4B-00C04F79EFBC}") = "ConstructorTest", "ConstructorTest.csproj", "{C7686D71-3002-497E-BE5C-8A8BBF98A19E}"
EndProject
Global
	GlobalSection(SolutionConfigurationPlatforms) = preSolution
		Debug|Any CPU = Debug|Any CPU
		Release|Any CPU = Release|Any CPU
	EndGlobalSection
	GlobalSection(ProjectConfigurationPlatforms) = postSolution
		{C7686D71-3002-497E-BE5C-8A8BBF98A19E}.Debug|Any CPU.ActiveCfg = Debug|Any CPU
		{C7686D71-3002-497E-BE5C-8A8BBF98A19E}.Debug|Any CPU.Build.0 = Debug|Any CPU
		{C7686D71-3002-497E-BE5C-8A8BBF98A19E}.Release|Any CPU.ActiveCfg = Release|Any CPU
		{C7686D71-3002-497E-BE5C-8A8BBF98A19E}.Release|Any CPU.Build.0 = Release|Any CPU
	EndGlobalSection
	GlobalSection(SolutionProperties) = preSolution
		HideSolutionNode = FALSE
	EndGlobalSection
	GlobalSection(ExtensibilityGlobals) = postSolution
		SolutionGuid = {69FB04DB-EDB3-4BA2-A596-198E76717E1A}
	EndGlobalSection
EndGlobal
